
Microsoft Visual Studio Solution File, Format Version 12.00
# Visual Studio Version 17
VisualStudioVersion = 17.2.32505.173
MinimumVisualStudioVersion = 10.0.40219.1
Project("{9A19103F-16F7-4668-BE54-9A1E7A4F7556}") = "Journey.DataAccess", "Journey.DataAccess\Journey.DataAccess.csproj", "{2BDD9881-AFEF-4F7C-A38C-853304D4E0A3}"
EndProject
Project("{9A19103F-16F7-4668-BE54-9A1E7A4F7556}") = "Journey.Console", "Console\Journey.Console.csproj", "{B3732AD0-09D5-481B-9D5A-6F65D8FC03BB}"
EndProject
Project("{2150E333-8FDC-42A3-9474-1A3956D46DE8}") = "src", "src", "{26CFB875-1677-4B8F-A6F9-09C57B33589E}"
EndProject
Project("{2150E333-8FDC-42A3-9474-1A3956D46DE8}") = "tests", "tests", "{1925B8DC-430A-46D5-A186-97BAB38C5A6C}"
EndProject
Project("{9A19103F-16F7-4668-BE54-9A1E7A4F7556}") = "Journey.DataAccess.IntegrationTests", "Journey.DataAccess.IntegrationTests\Journey.DataAccess.IntegrationTests.csproj", "{E92F0255-A251-4EAA-8FA4-3C57039525EB}"
EndProject
Global
	GlobalSection(SolutionConfigurationPlatforms) = preSolution
		Debug|Any CPU = Debug|Any CPU
		Release|Any CPU = Release|Any CPU
	EndGlobalSection
	GlobalSection(ProjectConfigurationPlatforms) = postSolution
		{2BDD9881-AFEF-4F7C-A38C-853304D4E0A3}.Debug|Any CPU.ActiveCfg = Debug|Any CPU
		{2BDD9881-AFEF-4F7C-A38C-853304D4E0A3}.Debug|Any CPU.Build.0 = Debug|Any CPU
		{2BDD9881-AFEF-4F7C-A38C-853304D4E0A3}.Release|Any CPU.ActiveCfg = Release|Any CPU
		{2BDD9881-AFEF-4F7C-A38C-853304D4E0A3}.Release|Any CPU.Build.0 = Release|Any CPU
		{B3732AD0-09D5-481B-9D5A-6F65D8FC03BB}.Debug|Any CPU.ActiveCfg = Debug|Any CPU
		{B3732AD0-09D5-481B-9D5A-6F65D8FC03BB}.Debug|Any CPU.Build.0 = Debug|Any CPU
		{B3732AD0-09D5-481B-9D5A-6F65D8FC03BB}.Release|Any CPU.ActiveCfg = Release|Any CPU
		{B3732AD0-09D5-481B-9D5A-6F65D8FC03BB}.Release|Any CPU.Build.0 = Release|Any CPU
		{E92F0255-A251-4EAA-8FA4-3C57039525EB}.Debug|Any CPU.ActiveCfg = Debug|Any CPU
		{E92F0255-A251-4EAA-8FA4-3C57039525EB}.Debug|Any CPU.Build.0 = Debug|Any CPU
		{E92F0255-A251-4EAA-8FA4-3C57039525EB}.Release|Any CPU.ActiveCfg = Release|Any CPU
		{E92F0255-A251-4EAA-8FA4-3C57039525EB}.Release|Any CPU.Build.0 = Release|Any CPU
	EndGlobalSection
	GlobalSection(SolutionProperties) = preSolution
		HideSolutionNode = FALSE
	EndGlobalSection
	GlobalSection(NestedProjects) = preSolution
		{2BDD9881-AFEF-4F7C-A38C-853304D4E0A3} = {26CFB875-1677-4B8F-A6F9-09C57B33589E}
		{B3732AD0-09D5-481B-9D5A-6F65D8FC03BB} = {26CFB875-1677-4B8F-A6F9-09C57B33589E}
		{E92F0255-A251-4EAA-8FA4-3C57039525EB} = {1925B8DC-430A-46D5-A186-97BAB38C5A6C}
	EndGlobalSection
	GlobalSection(ExtensibilityGlobals) = postSolution
		SolutionGuid = {61BC6873-7118-4CE9-A01B-BEC8C7B859F6}
	EndGlobalSection
EndGlobal
