
Microsoft Visual Studio Solution File, Format Version 12.00
# Visual Studio Version 17
VisualStudioVersion = 17.2.32505.173
MinimumVisualStudioVersion = 10.0.40219.1
Project("{9A19103F-16F7-4668-BE54-9A1E7A4F7556}") = "Journey.DataAccess", "Journey.DataAccess\Journey.DataAccess.csproj", "{2BDD9881-AFEF-4F7C-A38C-853304D4E0A3}"
EndProject
Project("{2150E333-8FDC-42A3-9474-1A3956D46DE8}") = "src", "src", "{26CFB875-1677-4B8F-A6F9-09C57B33589E}"
EndProject
Project("{2150E333-8FDC-42A3-9474-1A3956D46DE8}") = "tests", "tests", "{1925B8DC-430A-46D5-A186-97BAB38C5A6C}"
EndProject
Project("{9A19103F-16F7-4668-BE54-9A1E7A4F7556}") = "Journey.DataAccess.IntegrationTests", "Journey.DataAccess.IntegrationTests\Journey.DataAccess.IntegrationTests.csproj", "{E92F0255-A251-4EAA-8FA4-3C57039525EB}"
EndProject
Project("{9A19103F-16F7-4668-BE54-9A1E7A4F7556}") = "Journey.Console", "Journey.Console\Journey.Console.csproj", "{97E543E2-81F6-43B9-87D1-DF7C160F32CC}"
EndProject
Project("{9A19103F-16F7-4668-BE54-9A1E7A4F7556}") = "Journey.Core", "Journey.Core\Journey.Core.csproj", "{4B9EF9EA-044D-4C21-9173-4FC6DAF525F6}"
EndProject
Project("{FAE04EC0-301F-11D3-BF4B-00C04F79EFBC}") = "Journey.Application", "Journey.Application\Journey.Application.csproj", "{CE6B76A0-5A05-465D-9672-E72D41F31042}"
EndProject
Project("{FAE04EC0-301F-11D3-BF4B-00C04F79EFBC}") = "Journey.Web", "Journey.Web\Journey.Web.csproj", "{324C2636-E1C0-4EF1-A4E9-BEFED0C252AD}"
EndProject
Global
	GlobalSection(SolutionConfigurationPlatforms) = preSolution
		Debug|Any CPU = Debug|Any CPU
		Release|Any CPU = Release|Any CPU
	EndGlobalSection
	GlobalSection(ProjectConfigurationPlatforms) = postSolution
		{2BDD9881-AFEF-4F7C-A38C-853304D4E0A3}.Debug|Any CPU.ActiveCfg = Debug|Any CPU
		{2BDD9881-AFEF-4F7C-A38C-853304D4E0A3}.Debug|Any CPU.Build.0 = Debug|Any CPU
		{2BDD9881-AFEF-4F7C-A38C-853304D4E0A3}.Release|Any CPU.ActiveCfg = Release|Any CPU
		{2BDD9881-AFEF-4F7C-A38C-853304D4E0A3}.Release|Any CPU.Build.0 = Release|Any CPU
		{E92F0255-A251-4EAA-8FA4-3C57039525EB}.Debug|Any CPU.ActiveCfg = Debug|Any CPU
		{E92F0255-A251-4EAA-8FA4-3C57039525EB}.Debug|Any CPU.Build.0 = Debug|Any CPU
		{E92F0255-A251-4EAA-8FA4-3C57039525EB}.Release|Any CPU.ActiveCfg = Release|Any CPU
		{E92F0255-A251-4EAA-8FA4-3C57039525EB}.Release|Any CPU.Build.0 = Release|Any CPU
		{97E543E2-81F6-43B9-87D1-DF7C160F32CC}.Debug|Any CPU.ActiveCfg = Debug|Any CPU
		{97E543E2-81F6-43B9-87D1-DF7C160F32CC}.Debug|Any CPU.Build.0 = Debug|Any CPU
		{97E543E2-81F6-43B9-87D1-DF7C160F32CC}.Release|Any CPU.ActiveCfg = Release|Any CPU
		{97E543E2-81F6-43B9-87D1-DF7C160F32CC}.Release|Any CPU.Build.0 = Release|Any CPU
		{4B9EF9EA-044D-4C21-9173-4FC6DAF525F6}.Debug|Any CPU.ActiveCfg = Debug|Any CPU
		{4B9EF9EA-044D-4C21-9173-4FC6DAF525F6}.Debug|Any CPU.Build.0 = Debug|Any CPU
		{4B9EF9EA-044D-4C21-9173-4FC6DAF525F6}.Release|Any CPU.ActiveCfg = Release|Any CPU
		{4B9EF9EA-044D-4C21-9173-4FC6DAF525F6}.Release|Any CPU.Build.0 = Release|Any CPU
		{CE6B76A0-5A05-465D-9672-E72D41F31042}.Debug|Any CPU.ActiveCfg = Debug|Any CPU
		{CE6B76A0-5A05-465D-9672-E72D41F31042}.Debug|Any CPU.Build.0 = Debug|Any CPU
		{CE6B76A0-5A05-465D-9672-E72D41F31042}.Release|Any CPU.ActiveCfg = Release|Any CPU
		{CE6B76A0-5A05-465D-9672-E72D41F31042}.Release|Any CPU.Build.0 = Release|Any CPU
		{324C2636-E1C0-4EF1-A4E9-BEFED0C252AD}.Debug|Any CPU.ActiveCfg = Debug|Any CPU
		{324C2636-E1C0-4EF1-A4E9-BEFED0C252AD}.Debug|Any CPU.Build.0 = Debug|Any CPU
		{324C2636-E1C0-4EF1-A4E9-BEFED0C252AD}.Release|Any CPU.ActiveCfg = Release|Any CPU
		{324C2636-E1C0-4EF1-A4E9-BEFED0C252AD}.Release|Any CPU.Build.0 = Release|Any CPU
	EndGlobalSection
	GlobalSection(SolutionProperties) = preSolution
		HideSolutionNode = FALSE
	EndGlobalSection
	GlobalSection(NestedProjects) = preSolution
		{2BDD9881-AFEF-4F7C-A38C-853304D4E0A3} = {26CFB875-1677-4B8F-A6F9-09C57B33589E}
		{E92F0255-A251-4EAA-8FA4-3C57039525EB} = {1925B8DC-430A-46D5-A186-97BAB38C5A6C}
		{97E543E2-81F6-43B9-87D1-DF7C160F32CC} = {26CFB875-1677-4B8F-A6F9-09C57B33589E}
		{4B9EF9EA-044D-4C21-9173-4FC6DAF525F6} = {26CFB875-1677-4B8F-A6F9-09C57B33589E}
		{CE6B76A0-5A05-465D-9672-E72D41F31042} = {26CFB875-1677-4B8F-A6F9-09C57B33589E}
		{324C2636-E1C0-4EF1-A4E9-BEFED0C252AD} = {26CFB875-1677-4B8F-A6F9-09C57B33589E}
	EndGlobalSection
	GlobalSection(ExtensibilityGlobals) = postSolution
		SolutionGuid = {61BC6873-7118-4CE9-A01B-BEC8C7B859F6}
	EndGlobalSection
EndGlobal
